// !$*UTF8*$!
{
	archiveVersion = 1;
	classes = {
	};
	objectVersion = 51;
	objects = {

/* Begin PBXBuildFile section */
		5F93EF3D2463AEFE005FFCF4 /* AppDelegate.swift in Sources */ = {isa = PBXBuildFile; fileRef = 5F93EF3C2463AEFE005FFCF4 /* AppDelegate.swift */; };
		5F93EF3F2463AEFE005FFCF4 /* SceneDelegate.swift in Sources */ = {isa = PBXBuildFile; fileRef = 5F93EF3E2463AEFE005FFCF4 /* SceneDelegate.swift */; };
		5F93EF412463AEFE005FFCF4 /* ViewController.swift in Sources */ = {isa = PBXBuildFile; fileRef = 5F93EF402463AEFE005FFCF4 /* ViewController.swift */; };
		5F93EF442463AEFE005FFCF4 /* Main.storyboard in Resources */ = {isa = PBXBuildFile; fileRef = 5F93EF422463AEFE005FFCF4 /* Main.storyboard */; };
		5F93EF462463AF01005FFCF4 /* Assets.xcassets in Resources */ = {isa = PBXBuildFile; fileRef = 5F93EF452463AF01005FFCF4 /* Assets.xcassets */; };
		5F93EF492463AF01005FFCF4 /* LaunchScreen.storyboard in Resources */ = {isa = PBXBuildFile; fileRef = 5F93EF472463AF01005FFCF4 /* LaunchScreen.storyboard */; };
		5F93EF512464FBA8005FFCF4 /* AddScheduleViewController.swift in Sources */ = {isa = PBXBuildFile; fileRef = 5F93EF502464FBA8005FFCF4 /* AddScheduleViewController.swift */; };
		5F93EF532467878A005FFCF4 /* GoogleService-Info.plist in Resources */ = {isa = PBXBuildFile; fileRef = 5F93EF522467878A005FFCF4 /* GoogleService-Info.plist */; };
		5F93EF572467EA35005FFCF4 /* Schedule.swift in Sources */ = {isa = PBXBuildFile; fileRef = 5F93EF562467EA35005FFCF4 /* Schedule.swift */; };
		F62523FA65CDCA3481007F4B /* Pods_CalendarSample.framework in Frameworks */ = {isa = PBXBuildFile; fileRef = 4D92BEBEFCCA0560C49E2DB0 /* Pods_CalendarSample.framework */; };
/* End PBXBuildFile section */

/* Begin PBXFileReference section */
		4D92BEBEFCCA0560C49E2DB0 /* Pods_CalendarSample.framework */ = {isa = PBXFileReference; explicitFileType = wrapper.framework; includeInIndex = 0; path = Pods_CalendarSample.framework; sourceTree = BUILT_PRODUCTS_DIR; };
		5F93EF392463AEFE005FFCF4 /* CalendarSample.app */ = {isa = PBXFileReference; explicitFileType = wrapper.application; includeInIndex = 0; path = CalendarSample.app; sourceTree = BUILT_PRODUCTS_DIR; };
		5F93EF3C2463AEFE005FFCF4 /* AppDelegate.swift */ = {isa = PBXFileReference; lastKnownFileType = sourcecode.swift; path = AppDelegate.swift; sourceTree = "<group>"; };
		5F93EF3E2463AEFE005FFCF4 /* SceneDelegate.swift */ = {isa = PBXFileReference; lastKnownFileType = sourcecode.swift; path = SceneDelegate.swift; sourceTree = "<group>"; };
		5F93EF402463AEFE005FFCF4 /* ViewController.swift */ = {isa = PBXFileReference; lastKnownFileType = sourcecode.swift; path = ViewController.swift; sourceTree = "<group>"; };
		5F93EF432463AEFE005FFCF4 /* Base */ = {isa = PBXFileReference; lastKnownFileType = file.storyboard; name = Base; path = Base.lproj/Main.storyboard; sourceTree = "<group>"; };
		5F93EF452463AF01005FFCF4 /* Assets.xcassets */ = {isa = PBXFileReference; lastKnownFileType = folder.assetcatalog; path = Assets.xcassets; sourceTree = "<group>"; };
		5F93EF482463AF01005FFCF4 /* Base */ = {isa = PBXFileReference; lastKnownFileType = file.storyboard; name = Base; path = Base.lproj/LaunchScreen.storyboard; sourceTree = "<group>"; };
		5F93EF4A2463AF01005FFCF4 /* Info.plist */ = {isa = PBXFileReference; lastKnownFileType = text.plist.xml; path = Info.plist; sourceTree = "<group>"; };
		5F93EF502464FBA8005FFCF4 /* AddScheduleViewController.swift */ = {isa = PBXFileReference; lastKnownFileType = sourcecode.swift; path = AddScheduleViewController.swift; sourceTree = "<group>"; };
		5F93EF522467878A005FFCF4 /* GoogleService-Info.plist */ = {isa = PBXFileReference; fileEncoding = 4; lastKnownFileType = text.plist.xml; path = "GoogleService-Info.plist"; sourceTree = "<group>"; };
		5F93EF562467EA35005FFCF4 /* Schedule.swift */ = {isa = PBXFileReference; lastKnownFileType = sourcecode.swift; path = Schedule.swift; sourceTree = "<group>"; };
		A63DBF29BD89D07EEFB5BE8C /* Pods-CalendarSample.debug.xcconfig */ = {isa = PBXFileReference; includeInIndex = 1; lastKnownFileType = text.xcconfig; name = "Pods-CalendarSample.debug.xcconfig"; path = "Target Support Files/Pods-CalendarSample/Pods-CalendarSample.debug.xcconfig"; sourceTree = "<group>"; };
		CFA8AE520AF87579B5216C1F /* Pods-CalendarSample.release.xcconfig */ = {isa = PBXFileReference; includeInIndex = 1; lastKnownFileType = text.xcconfig; name = "Pods-CalendarSample.release.xcconfig"; path = "Target Support Files/Pods-CalendarSample/Pods-CalendarSample.release.xcconfig"; sourceTree = "<group>"; };
/* End PBXFileReference section */

/* Begin PBXFrameworksBuildPhase section */
		5F93EF362463AEFE005FFCF4 /* Frameworks */ = {
			isa = PBXFrameworksBuildPhase;
			buildActionMask = 2147483647;
			files = (
				F62523FA65CDCA3481007F4B /* Pods_CalendarSample.framework in Frameworks */,
			);
			runOnlyForDeploymentPostprocessing = 0;
		};
/* End PBXFrameworksBuildPhase section */

/* Begin PBXGroup section */
		5F93EF302463AEFE005FFCF4 = {
			isa = PBXGroup;
			children = (
				5F93EF3B2463AEFE005FFCF4 /* CalendarSample */,
				5F93EF3A2463AEFE005FFCF4 /* Products */,
				D708092994E82106F125DD32 /* Pods */,
				6558D3057DBBAECA04AF83A4 /* Frameworks */,
			);
			sourceTree = "<group>";
		};
		5F93EF3A2463AEFE005FFCF4 /* Products */ = {
			isa = PBXGroup;
			children = (
				5F93EF392463AEFE005FFCF4 /* CalendarSample.app */,
			);
			name = Products;
			sourceTree = "<group>";
		};
		5F93EF3B2463AEFE005FFCF4 /* CalendarSample */ = {
			isa = PBXGroup;
			children = (
				5F93EF562467EA35005FFCF4 /* Schedule.swift */,
				5F93EF3C2463AEFE005FFCF4 /* AppDelegate.swift */,
				5F93EF3E2463AEFE005FFCF4 /* SceneDelegate.swift */,
				5F93EF402463AEFE005FFCF4 /* ViewController.swift */,
				5F93EF502464FBA8005FFCF4 /* AddScheduleViewController.swift */,
				5F93EF422463AEFE005FFCF4 /* Main.storyboard */,
				5F93EF452463AF01005FFCF4 /* Assets.xcassets */,
				5F93EF472463AF01005FFCF4 /* LaunchScreen.storyboard */,
				5F93EF4A2463AF01005FFCF4 /* Info.plist */,
				5F93EF522467878A005FFCF4 /* GoogleService-Info.plist */,
			);
			path = CalendarSample;
			sourceTree = "<group>";
		};
		6558D3057DBBAECA04AF83A4 /* Frameworks */ = {
			isa = PBXGroup;
			children = (
				4D92BEBEFCCA0560C49E2DB0 /* Pods_CalendarSample.framework */,
			);
			name = Frameworks;
			sourceTree = "<group>";
		};
		D708092994E82106F125DD32 /* Pods */ = {
			isa = PBXGroup;
			children = (
				A63DBF29BD89D07EEFB5BE8C /* Pods-CalendarSample.debug.xcconfig */,
				CFA8AE520AF87579B5216C1F /* Pods-CalendarSample.release.xcconfig */,
			);
			path = Pods;
			sourceTree = "<group>";
		};
/* End PBXGroup section */

/* Begin PBXNativeTarget section */
		5F93EF382463AEFE005FFCF4 /* CalendarSample */ = {
			isa = PBXNativeTarget;
			buildConfigurationList = 5F93EF4D2463AF01005FFCF4 /* Build configuration list for PBXNativeTarget "CalendarSample" */;
			buildPhases = (
				36A80252D7B843F2A682808C /* [CP] Check Pods Manifest.lock */,
				5F93EF352463AEFE005FFCF4 /* Sources */,
				5F93EF362463AEFE005FFCF4 /* Frameworks */,
				5F93EF372463AEFE005FFCF4 /* Resources */,
				9B8534D7EB62B968C523C70C /* [CP] Embed Pods Frameworks */,
			);
			buildRules = (
			);
			dependencies = (
			);
			name = CalendarSample;
			productName = CalendarSample;
			productReference = 5F93EF392463AEFE005FFCF4 /* CalendarSample.app */;
			productType = "com.apple.product-type.application";
		};
/* End PBXNativeTarget section */

/* Begin PBXProject section */
		5F93EF312463AEFE005FFCF4 /* Project object */ = {
			isa = PBXProject;
			attributes = {
				LastSwiftUpdateCheck = 1140;
				LastUpgradeCheck = 1140;
				ORGANIZATIONNAME = morikawamasataka;
				TargetAttributes = {
					5F93EF382463AEFE005FFCF4 = {
						CreatedOnToolsVersion = 11.4.1;
					};
				};
			};
			buildConfigurationList = 5F93EF342463AEFE005FFCF4 /* Build configuration list for PBXProject "CalendarSample" */;
			compatibilityVersion = "Xcode 9.3";
			developmentRegion = en;
			hasScannedForEncodings = 0;
			knownRegions = (
				en,
				Base,
			);
			mainGroup = 5F93EF302463AEFE005FFCF4;
			productRefGroup = 5F93EF3A2463AEFE005FFCF4 /* Products */;
			projectDirPath = "";
			projectRoot = "";
			targets = (
				5F93EF382463AEFE005FFCF4 /* CalendarSample */,
			);
		};
/* End PBXProject section */

/* Begin PBXResourcesBuildPhase section */
		5F93EF372463AEFE005FFCF4 /* Resources */ = {
			isa = PBXResourcesBuildPhase;
			buildActionMask = 2147483647;
			files = (
				5F93EF492463AF01005FFCF4 /* LaunchScreen.storyboard in Resources */,
				5F93EF532467878A005FFCF4 /* GoogleService-Info.plist in Resources */,
				5F93EF462463AF01005FFCF4 /* Assets.xcassets in Resources */,
				5F93EF442463AEFE005FFCF4 /* Main.storyboard in Resources */,
			);
			runOnlyForDeploymentPostprocessing = 0;
		};
/* End PBXResourcesBuildPhase section */

/* Begin PBXShellScriptBuildPhase section */
		36A80252D7B843F2A682808C /* [CP] Check Pods Manifest.lock */ = {
			isa = PBXShellScriptBuildPhase;
			buildActionMask = 2147483647;
			files = (
			);
			inputFileListPaths = (
			);
			inputPaths = (
				"${PODS_PODFILE_DIR_PATH}/Podfile.lock",
				"${PODS_ROOT}/Manifest.lock",
			);
			name = "[CP] Check Pods Manifest.lock";
			outputFileListPaths = (
			);
			outputPaths = (
				"$(DERIVED_FILE_DIR)/Pods-CalendarSample-checkManifestLockResult.txt",
			);
			runOnlyForDeploymentPostprocessing = 0;
			shellPath = /bin/sh;
			shellScript = "diff \"${PODS_PODFILE_DIR_PATH}/Podfile.lock\" \"${PODS_ROOT}/Manifest.lock\" > /dev/null\nif [ $? != 0 ] ; then\n    # print error to STDERR\n    echo \"error: The sandbox is not in sync with the Podfile.lock. Run 'pod install' or update your CocoaPods installation.\" >&2\n    exit 1\nfi\n# This output is used by Xcode 'outputs' to avoid re-running this script phase.\necho \"SUCCESS\" > \"${SCRIPT_OUTPUT_FILE_0}\"\n";
			showEnvVarsInLog = 0;
		};
		9B8534D7EB62B968C523C70C /* [CP] Embed Pods Frameworks */ = {
			isa = PBXShellScriptBuildPhase;
			buildActionMask = 2147483647;
			files = (
			);
			inputFileListPaths = (
				"${PODS_ROOT}/Target Support Files/Pods-CalendarSample/Pods-CalendarSample-frameworks-${CONFIGURATION}-input-files.xcfilelist",
			);
			name = "[CP] Embed Pods Frameworks";
			outputFileListPaths = (
				"${PODS_ROOT}/Target Support Files/Pods-CalendarSample/Pods-CalendarSample-frameworks-${CONFIGURATION}-output-files.xcfilelist",
			);
			runOnlyForDeploymentPostprocessing = 0;
			shellPath = /bin/sh;
			shellScript = "\"${PODS_ROOT}/Target Support Files/Pods-CalendarSample/Pods-CalendarSample-frameworks.sh\"\n";
			showEnvVarsInLog = 0;
		};
/* End PBXShellScriptBuildPhase section */

/* Begin PBXSourcesBuildPhase section */
		5F93EF352463AEFE005FFCF4 /* Sources */ = {
			isa = PBXSourcesBuildPhase;
			buildActionMask = 2147483647;
			files = (
				5F93EF412463AEFE005FFCF4 /* ViewController.swift in Sources */,
				5F93EF3D2463AEFE005FFCF4 /* AppDelegate.swift in Sources */,
				5F93EF3F2463AEFE005FFCF4 /* SceneDelegate.swift in Sources */,
				5F93EF572467EA35005FFCF4 /* Schedule.swift in Sources */,
				5F93EF512464FBA8005FFCF4 /* AddScheduleViewController.swift in Sources */,
			);
			runOnlyForDeploymentPostprocessing = 0;
		};
/* End PBXSourcesBuildPhase section */

/* Begin PBXVariantGroup section */
		5F93EF422463AEFE005FFCF4 /* Main.storyboard */ = {
			isa = PBXVariantGroup;
			children = (
				5F93EF432463AEFE005FFCF4 /* Base */,
			);
			name = Main.storyboard;
			sourceTree = "<group>";
		};
		5F93EF472463AF01005FFCF4 /* LaunchScreen.storyboard */ = {
			isa = PBXVariantGroup;
			children = (
				5F93EF482463AF01005FFCF4 /* Base */,
			);
			name = LaunchScreen.storyboard;
			sourceTree = "<group>";
		};
/* End PBXVariantGroup section */

/* Begin XCBuildConfiguration section */
		5F93EF4B2463AF01005FFCF4 /* Debug */ = {
			isa = XCBuildConfiguration;
			buildSettings = {
				ALWAYS_SEARCH_USER_PATHS = NO;
				CLANG_ANALYZER_NONNULL = YES;
				CLANG_ANALYZER_NUMBER_OBJECT_CONVERSION = YES_AGGRESSIVE;
				CLANG_CXX_LANGUAGE_STANDARD = "gnu++14";
				CLANG_CXX_LIBRARY = "libc++";
				CLANG_ENABLE_MODULES = YES;
				CLANG_ENABLE_OBJC_ARC = YES;
				CLANG_ENABLE_OBJC_WEAK = YES;
				CLANG_WARN_BLOCK_CAPTURE_AUTORELEASING = YES;
				CLANG_WARN_BOOL_CONVERSION = YES;
				CLANG_WARN_COMMA = YES;
				CLANG_WARN_CONSTANT_CONVERSION = YES;
				CLANG_WARN_DEPRECATED_OBJC_IMPLEMENTATIONS = YES;
				CLANG_WARN_DIRECT_OBJC_ISA_USAGE = YES_ERROR;
				CLANG_WARN_DOCUMENTATION_COMMENTS = YES;
				CLANG_WARN_EMPTY_BODY = YES;
				CLANG_WARN_ENUM_CONVERSION = YES;
				CLANG_WARN_INFINITE_RECURSION = YES;
				CLANG_WARN_INT_CONVERSION = YES;
				CLANG_WARN_NON_LITERAL_NULL_CONVERSION = YES;
				CLANG_WARN_OBJC_IMPLICIT_RETAIN_SELF = YES;
				CLANG_WARN_OBJC_LITERAL_CONVERSION = YES;
				CLANG_WARN_OBJC_ROOT_CLASS = YES_ERROR;
				CLANG_WARN_RANGE_LOOP_ANALYSIS = YES;
				CLANG_WARN_STRICT_PROTOTYPES = YES;
				CLANG_WARN_SUSPICIOUS_MOVE = YES;
				CLANG_WARN_UNGUARDED_AVAILABILITY = YES_AGGRESSIVE;
				CLANG_WARN_UNREACHABLE_CODE = YES;
				CLANG_WARN__DUPLICATE_METHOD_MATCH = YES;
				COPY_PHASE_STRIP = NO;
				DEBUG_INFORMATION_FORMAT = dwarf;
				ENABLE_STRICT_OBJC_MSGSEND = YES;
				ENABLE_TESTABILITY = YES;
				GCC_C_LANGUAGE_STANDARD = gnu11;
				GCC_DYNAMIC_NO_PIC = NO;
				GCC_NO_COMMON_BLOCKS = YES;
				GCC_OPTIMIZATION_LEVEL = 0;
				GCC_PREPROCESSOR_DEFINITIONS = (
					"DEBUG=1",
					"$(inherited)",
				);
				GCC_WARN_64_TO_32_BIT_CONVERSION = YES;
				GCC_WARN_ABOUT_RETURN_TYPE = YES_ERROR;
				GCC_WARN_UNDECLARED_SELECTOR = YES;
				GCC_WARN_UNINITIALIZED_AUTOS = YES_AGGRESSIVE;
				GCC_WARN_UNUSED_FUNCTION = YES;
				GCC_WARN_UNUSED_VARIABLE = YES;
				IPHONEOS_DEPLOYMENT_TARGET = 13.4;
				MTL_ENABLE_DEBUG_INFO = INCLUDE_SOURCE;
				MTL_FAST_MATH = YES;
				ONLY_ACTIVE_ARCH = YES;
				SDKROOT = iphoneos;
				SWIFT_ACTIVE_COMPILATION_CONDITIONS = DEBUG;
				SWIFT_OPTIMIZATION_LEVEL = "-Onone";
			};
			name = Debug;
		};
		5F93EF4C2463AF01005FFCF4 /* Release */ = {
			isa = XCBuildConfiguration;
			buildSettings = {
				ALWAYS_SEARCH_USER_PATHS = NO;
				CLANG_ANALYZER_NONNULL = YES;
				CLANG_ANALYZER_NUMBER_OBJECT_CONVERSION = YES_AGGRESSIVE;
				CLANG_CXX_LANGUAGE_STANDARD = "gnu++14";
				CLANG_CXX_LIBRARY = "libc++";
				CLANG_ENABLE_MODULES = YES;
				CLANG_ENABLE_OBJC_ARC = YES;
				CLANG_ENABLE_OBJC_WEAK = YES;
				CLANG_WARN_BLOCK_CAPTURE_AUTORELEASING = YES;
				CLANG_WARN_BOOL_CONVERSION = YES;
				CLANG_WARN_COMMA = YES;
				CLANG_WARN_CONSTANT_CONVERSION = YES;
				CLANG_WARN_DEPRECATED_OBJC_IMPLEMENTATIONS = YES;
				CLANG_WARN_DIRECT_OBJC_ISA_USAGE = YES_ERROR;
				CLANG_WARN_DOCUMENTATION_COMMENTS = YES;
				CLANG_WARN_EMPTY_BODY = YES;
				CLANG_WARN_ENUM_CONVERSION = YES;
				CLANG_WARN_INFINITE_RECURSION = YES;
				CLANG_WARN_INT_CONVERSION = YES;
				CLANG_WARN_NON_LITERAL_NULL_CONVERSION = YES;
				CLANG_WARN_OBJC_IMPLICIT_RETAIN_SELF = YES;
				CLANG_WARN_OBJC_LITERAL_CONVERSION = YES;
				CLANG_WARN_OBJC_ROOT_CLASS = YES_ERROR;
				CLANG_WARN_RANGE_LOOP_ANALYSIS = YES;
				CLANG_WARN_STRICT_PROTOTYPES = YES;
				CLANG_WARN_SUSPICIOUS_MOVE = YES;
				CLANG_WARN_UNGUARDED_AVAILABILITY = YES_AGGRESSIVE;
				CLANG_WARN_UNREACHABLE_CODE = YES;
				CLANG_WARN__DUPLICATE_METHOD_MATCH = YES;
				COPY_PHASE_STRIP = NO;
				DEBUG_INFORMATION_FORMAT = "dwarf-with-dsym";
				ENABLE_NS_ASSERTIONS = NO;
				ENABLE_STRICT_OBJC_MSGSEND = YES;
				GCC_C_LANGUAGE_STANDARD = gnu11;
				GCC_NO_COMMON_BLOCKS = YES;
				GCC_WARN_64_TO_32_BIT_CONVERSION = YES;
				GCC_WARN_ABOUT_RETURN_TYPE = YES_ERROR;
				GCC_WARN_UNDECLARED_SELECTOR = YES;
				GCC_WARN_UNINITIALIZED_AUTOS = YES_AGGRESSIVE;
				GCC_WARN_UNUSED_FUNCTION = YES;
				GCC_WARN_UNUSED_VARIABLE = YES;
				IPHONEOS_DEPLOYMENT_TARGET = 13.4;
				MTL_ENABLE_DEBUG_INFO = NO;
				MTL_FAST_MATH = YES;
				SDKROOT = iphoneos;
				SWIFT_COMPILATION_MODE = wholemodule;
				SWIFT_OPTIMIZATION_LEVEL = "-O";
				VALIDATE_PRODUCT = YES;
			};
			name = Release;
		};
		5F93EF4E2463AF01005FFCF4 /* Debug */ = {
			isa = XCBuildConfiguration;
			baseConfigurationReference = A63DBF29BD89D07EEFB5BE8C /* Pods-CalendarSample.debug.xcconfig */;
			buildSettings = {
				ASSETCATALOG_COMPILER_APPICON_NAME = AppIcon;
				CODE_SIGN_STYLE = Automatic;
				DEVELOPMENT_TEAM = ABRY2KN8D3;
				INFOPLIST_FILE = CalendarSample/Info.plist;
				LD_RUNPATH_SEARCH_PATHS = (
					"$(inherited)",
					"@executable_path/Frameworks",
				);
				PRODUCT_BUNDLE_IDENTIFIER = net.morikawa.CalendarSample;
				PRODUCT_NAME = "$(TARGET_NAME)";
				SWIFT_VERSION = 5.0;
				TARGETED_DEVICE_FAMILY = 1;
			};
			name = Debug;
		};
		5F93EF4F2463AF01005FFCF4 /* Release */ = {
			isa = XCBuildConfiguration;
			baseConfigurationReference = CFA8AE520AF87579B5216C1F /* Pods-CalendarSample.release.xcconfig */;
			buildSettings = {
				ASSETCATALOG_COMPILER_APPICON_NAME = AppIcon;
				CODE_SIGN_STYLE = Automatic;
				DEVELOPMENT_TEAM = ABRY2KN8D3;
				INFOPLIST_FILE = CalendarSample/Info.plist;
				LD_RUNPATH_SEARCH_PATHS = (
					"$(inherited)",
					"@executable_path/Frameworks",
				);
				PRODUCT_BUNDLE_IDENTIFIER = net.morikawa.CalendarSample;
				PRODUCT_NAME = "$(TARGET_NAME)";
				SWIFT_VERSION = 5.0;
				TARGETED_DEVICE_FAMILY = 1;
			};
			name = Release;
		};
/* End XCBuildConfiguration section */

/* Begin XCConfigurationList section */
		5F93EF342463AEFE005FFCF4 /* Build configuration list for PBXProject "CalendarSample" */ = {
			isa = XCConfigurationList;
			buildConfigurations = (
				5F93EF4B2463AF01005FFCF4 /* Debug */,
				5F93EF4C2463AF01005FFCF4 /* Release */,
			);
			defaultConfigurationIsVisible = 0;
			defaultConfigurationName = Release;
		};
		5F93EF4D2463AF01005FFCF4 /* Build configuration list for PBXNativeTarget "CalendarSample" */ = {
			isa = XCConfigurationList;
			buildConfigurations = (
				5F93EF4E2463AF01005FFCF4 /* Debug */,
				5F93EF4F2463AF01005FFCF4 /* Release */,
			);
			defaultConfigurationIsVisible = 0;
			defaultConfigurationName = Release;
		};
/* End XCConfigurationList section */
	};
	rootObject = 5F93EF312463AEFE005FFCF4 /* Project object */;
}
